%{
  "circuits_gpio": {:hex, :circuits_gpio, "0.4.8", "75a62b07131f119c0ffa1dd49f79fbe29c46fd39b20ef0acc036d449fb780b89", [:make, :mix], [{:elixir_make, "~> 0.6", [hex: :elixir_make, repo: "hexpm", optional: false]}], "hexpm", "05e341a5de7e9181a0ee6b3281bd2dc278ae4651825e95c9e83c9eabc421448e"},
  "circuits_uart": {:hex, :circuits_uart, "1.5.2", "2b9bed7bfd4051ad199e247e6564e04ab0b363b04277c9b1140df533c39ffa59", [:mix], [{:elixir_make, "~> 0.6", [hex: :elixir_make, repo: "hexpm", optional: false]}], "hexpm", "0ae3184cd25efeee8d36cde241581d0db15f67b9bc3a1596cba8eec6c8f6ab99"},
  "dialyxir": {:hex, :dialyxir, "1.4.2", "764a6e8e7a354f0ba95d58418178d486065ead1f69ad89782817c296d0d746a5", [:mix], [{:erlex, ">= 0.2.6", [hex: :erlex, repo: "hexpm", optional: false]}], "hexpm", "516603d8067b2fd585319e4b13d3674ad4f314a5902ba8130cd97dc902ce6bbd"},
  "elixir_make": {:hex, :elixir_make, "0.7.7", "7128c60c2476019ed978210c245badf08b03dbec4f24d05790ef791da11aa17c", [:mix], [{:castore, "~> 0.1 or ~> 1.0", [hex: :castore, repo: "hexpm", optional: true]}], "hexpm", "5bc19fff950fad52bbe5f211b12db9ec82c6b34a9647da0c2224b8b8464c7e6c"},
  "erlex": {:hex, :erlex, "0.2.6", "c7987d15e899c7a2f34f5420d2a2ea0d659682c06ac607572df55a43753aa12e", [:mix], [], "hexpm", "2ed2e25711feb44d52b17d2780eabf998452f6efda104877a3881c2f8c0c0c75"},
  "keypad": {:hex, :keypad, "0.3.0", "33bd058cf861e8d965a76013f892612f0a67e1ffc2a1d8fa9f82fa7128886fc8", [:mix], [{:circuits_gpio, "~> 0.4", [hex: :circuits_gpio, repo: "hexpm", optional: false]}], "hexpm", "bed9823d1a2782b07ce89cbef7567a3ba6b90103dcb5ba777580d0a50eebe1b4"},
}
